
Microsoft Visual Studio Solution File, Format Version 12.00
# Visual Studio 15
VisualStudioVersion = 15.0.27004.2005
MinimumVisualStudioVersion = 10.0.40219.1
Project("{FAE04EC0-301F-11D3-BF4B-00C04F79EFBC}") = "EasyRoslynScript", "EasyRoslynScript\EasyRoslynScript.csproj", "{06DB0522-B1D3-4032-9B9B-F88A452A8735}"
EndProject
Global
	GlobalSection(SolutionConfigurationPlatforms) = preSolution
		Debug|Any CPU = Debug|Any CPU
		Release|Any CPU = Release|Any CPU
	EndGlobalSection
	GlobalSection(ProjectConfigurationPlatforms) = postSolution
		{06DB0522-B1D3-4032-9B9B-F88A452A8735}.Debug|Any CPU.ActiveCfg = Debug|Any CPU
		{06DB0522-B1D3-4032-9B9B-F88A452A8735}.Debug|Any CPU.Build.0 = Debug|Any CPU
		{06DB0522-B1D3-4032-9B9B-F88A452A8735}.Release|Any CPU.ActiveCfg = Release|Any CPU
		{06DB0522-B1D3-4032-9B9B-F88A452A8735}.Release|Any CPU.Build.0 = Release|Any CPU
	EndGlobalSection
	GlobalSection(SolutionProperties) = preSolution
		HideSolutionNode = FALSE
	EndGlobalSection
	GlobalSection(ExtensibilityGlobals) = postSolution
		SolutionGuid = {5C436A67-6C55-440E-8D71-57AE57F6474A}
	EndGlobalSection
EndGlobal
